
Microsoft Visual Studio Solution File, Format Version 12.00
# Visual Studio Version 17
VisualStudioVersion = 17.3.32519.111
MinimumVisualStudioVersion = 10.0.40219.1
Project("{FAE04EC0-301F-11D3-BF4B-00C04F79EFBC}") = "dsd601DiceRolls2020", "dsd601DiceRolls2020.csproj", "{33145035-A0BB-4D9E-AF04-14C64517CEC9}"
EndProject
Global
	GlobalSection(SolutionConfigurationPlatforms) = preSolution
		Debug|Any CPU = Debug|Any CPU
		Release|Any CPU = Release|Any CPU
	EndGlobalSection
	GlobalSection(ProjectConfigurationPlatforms) = postSolution
		{33145035-A0BB-4D9E-AF04-14C64517CEC9}.Debug|Any CPU.ActiveCfg = Debug|Any CPU
		{33145035-A0BB-4D9E-AF04-14C64517CEC9}.Debug|Any CPU.Build.0 = Debug|Any CPU
		{33145035-A0BB-4D9E-AF04-14C64517CEC9}.Release|Any CPU.ActiveCfg = Release|Any CPU
		{33145035-A0BB-4D9E-AF04-14C64517CEC9}.Release|Any CPU.Build.0 = Release|Any CPU
	EndGlobalSection
	GlobalSection(SolutionProperties) = preSolution
		HideSolutionNode = FALSE
	EndGlobalSection
	GlobalSection(ExtensibilityGlobals) = postSolution
		SolutionGuid = {2B98A17A-68CE-4E8A-AB25-B0C9EE4F5538}
	EndGlobalSection
EndGlobal
